
Microsoft Visual Studio Solution File, Format Version 12.00
# Visual Studio Version 17
VisualStudioVersion = 17.5.33516.290
MinimumVisualStudioVersion = 10.0.40219.1
Project("{FAE04EC0-301F-11D3-BF4B-00C04F79EFBC}") = "JogoDasPalavrasWinApp", "JogoDasPalavrasWinApp\JogoDasPalavrasWinApp.csproj", "{9DF8FF17-F811-4FBA-ACA8-C0A9E47D450E}"
EndProject
Global
	GlobalSection(SolutionConfigurationPlatforms) = preSolution
		Debug|Any CPU = Debug|Any CPU
		Release|Any CPU = Release|Any CPU
	EndGlobalSection
	GlobalSection(ProjectConfigurationPlatforms) = postSolution
		{9DF8FF17-F811-4FBA-ACA8-C0A9E47D450E}.Debug|Any CPU.ActiveCfg = Debug|Any CPU
		{9DF8FF17-F811-4FBA-ACA8-C0A9E47D450E}.Debug|Any CPU.Build.0 = Debug|Any CPU
		{9DF8FF17-F811-4FBA-ACA8-C0A9E47D450E}.Release|Any CPU.ActiveCfg = Release|Any CPU
		{9DF8FF17-F811-4FBA-ACA8-C0A9E47D450E}.Release|Any CPU.Build.0 = Release|Any CPU
	EndGlobalSection
	GlobalSection(SolutionProperties) = preSolution
		HideSolutionNode = FALSE
	EndGlobalSection
	GlobalSection(ExtensibilityGlobals) = postSolution
		SolutionGuid = {14CD54D7-58C5-4169-80C9-B34A40DB3D52}
	EndGlobalSection
EndGlobal
